PODS:
  - Apptics-SDK (2.1.2):
    - Apptics-SDK/AnalyticsWithKSCrash (= 2.1.2)
  - Apptics-SDK/AnalyticsWithKSCrash (2.1.2):
    - Apptics-SDK/Scripts
    - AppticsAnalytics/CoreWithKSCrash (= 2.1.2)
  - Apptics-SDK/Scripts (2.1.2)
  - apptics_flutter (0.0.1):
    - Apptics-SDK (= 2.1.2)
    - AppticsFeedbackKitSwift (= 2.1.2)
    - AppticsInAppUpdate (= 2.1.2)
    - AppticsRemoteConfig (= 2.1.2)
    - Flutter
  - AppticsAnalytics/Apptics (2.1.2):
    - AppticsAnalytics/JWT
  - AppticsAnalytics/CoreWithKSCrash (2.1.2):
    - AppticsAnalytics/Apptics
    - AppticsAnalytics/CrashKit
    - AppticsAnalytics/EventTracker
    - AppticsAnalytics/ScreenTracker
  - AppticsAnalytics/CrashKit (2.1.2):
    - AppticsAnalytics/KSCrash
  - AppticsAnalytics/EventTracker (2.1.2)
  - AppticsAnalytics/JWT (2.1.2)
  - AppticsAnalytics/KSCrash (2.1.2)
  - AppticsAnalytics/ScreenTracker (2.1.2)
  - AppticsFeedbackKit (2.1.2):
    - AppticsFeedbackKit/FeedbackKit (= 2.1.2)
  - AppticsFeedbackKit/FeedbackKit (2.1.2):
    - AppticsAnalytics/Apptics (= 2.1.2)
  - AppticsFeedbackKitSwift (2.1.2):
    - AppticsFeedbackKitSwift/AppticsFeedbackKitSwift (= 2.1.2)
  - AppticsFeedbackKitSwift/AppticsFeedbackKitSwift (2.1.2):
    - AppticsFeedbackKit (= 2.1.2)
  - AppticsInAppUpdate (2.1.2):
    - AppticsInAppUpdate/AppUpdate (= 2.1.2)
  - AppticsInAppUpdate/AppUpdate (2.1.2):
    - AppticsAnalytics/Apptics (= 2.1.2)
  - AppticsRemoteConfig (2.1.2):
    - AppticsRemoteConfig/RemoteConfig (= 2.1.2)
  - AppticsRemoteConfig/RemoteConfig (2.1.2):
    - AppticsAnalytics/Apptics (= 2.1.2)
  - Firebase/CoreOnly (11.8.0):
    - FirebaseCore (~> 11.8.0)
  - Firebase/Messaging (11.8.0):
    - Firebase/CoreOnly
    - FirebaseMessaging (~> 11.8.0)
  - firebase_core (3.12.1):
    - Firebase/CoreOnly (= 11.8.0)
    - Flutter
  - firebase_messaging (15.2.4):
    - Firebase/Messaging (= 11.8.0)
    - firebase_core
    - Flutter
  - FirebaseCore (11.8.1):
    - FirebaseCoreInternal (~> 11.8.0)
    - GoogleUtilities/Environment (~> 8.0)
    - GoogleUtilities/Logger (~> 8.0)
  - FirebaseCoreInternal (11.8.0):
    - "GoogleUtilities/NSData+zlib (~> 8.0)"
  - FirebaseInstallations (11.8.0):
    - FirebaseCore (~> 11.8.0)
    - GoogleUtilities/Environment (~> 8.0)
    - GoogleUtilities/UserDefaults (~> 8.0)
    - PromisesObjC (~> 2.4)
  - FirebaseMessaging (11.8.0):
    - FirebaseCore (~> 11.8.0)
    - FirebaseInstallations (~> 11.0)
    - GoogleDataTransport (~> 10.0)
    - GoogleUtilities/AppDelegateSwizzler (~> 8.0)
    - GoogleUtilities/Environment (~> 8.0)
    - GoogleUtilities/Reachability (~> 8.0)
    - GoogleUtilities/UserDefaults (~> 8.0)
    - nanopb (~> 3.30910.0)
  - Flutter (1.0.0)
  - flutter_local_notifications (0.0.1):
    - Flutter
  - GoogleDataTransport (10.1.0):
    - nanopb (~> 3.30910.0)
    - PromisesObjC (~> 2.4)
  - GoogleUtilities/AppDelegateSwizzler (8.0.2):
    - GoogleUtilities/Environment
    - GoogleUtilities/Logger
    - GoogleUtilities/Network
    - GoogleUtilities/Privacy
  - GoogleUtilities/Environment (8.0.2):
    - GoogleUtilities/Privacy
  - GoogleUtilities/Logger (8.0.2):
    - GoogleUtilities/Environment
    - GoogleUtilities/Privacy
  - GoogleUtilities/Network (8.0.2):
    - GoogleUtilities/Logger
    - "GoogleUtilities/NSData+zlib"
    - GoogleUtilities/Privacy
    - GoogleUtilities/Reachability
  - "GoogleUtilities/NSData+zlib (8.0.2)":
    - GoogleUtilities/Privacy
  - GoogleUtilities/Privacy (8.0.2)
  - GoogleUtilities/Reachability (8.0.2):
    - GoogleUtilities/Logger
    - GoogleUtilities/Privacy
  - GoogleUtilities/UserDefaults (8.0.2):
    - GoogleUtilities/Logger
    - GoogleUtilities/Privacy
  - nanopb (3.30910.0):
    - nanopb/decode (= 3.30910.0)
    - nanopb/encode (= 3.30910.0)
  - nanopb/decode (3.30910.0)
  - nanopb/encode (3.30910.0)
  - PromisesObjC (2.4.0)
  - shared_preferences_foundation (0.0.1):
    - Flutter
    - FlutterMacOS

DEPENDENCIES:
  - apptics_flutter (from `.symlinks/plugins/apptics_flutter/ios`)
  - firebase_core (from `.symlinks/plugins/firebase_core/ios`)
  - firebase_messaging (from `.symlinks/plugins/firebase_messaging/ios`)
  - Flutter (from `Flutter`)
  - flutter_local_notifications (from `.symlinks/plugins/flutter_local_notifications/ios`)
  - shared_preferences_foundation (from `.symlinks/plugins/shared_preferences_foundation/darwin`)

SPEC REPOS:
  trunk:
    - Apptics-SDK
    - AppticsAnalytics
    - AppticsFeedbackKit
    - AppticsFeedbackKitSwift
    - AppticsInAppUpdate
    - AppticsRemoteConfig
    - Firebase
    - FirebaseCore
    - FirebaseCoreInternal
    - FirebaseInstallations
    - FirebaseMessaging
    - GoogleDataTransport
    - GoogleUtilities
    - nanopb
    - PromisesObjC

EXTERNAL SOURCES:
  apptics_flutter:
    :path: ".symlinks/plugins/apptics_flutter/ios"
  firebase_core:
    :path: ".symlinks/plugins/firebase_core/ios"
  firebase_messaging:
    :path: ".symlinks/plugins/firebase_messaging/ios"
  Flutter:
    :path: Flutter
  flutter_local_notifications:
    :path: ".symlinks/plugins/flutter_local_notifications/ios"
  shared_preferences_foundation:
    :path: ".symlinks/plugins/shared_preferences_foundation/darwin"

SPEC CHECKSUMS:
  Apptics-SDK: d65b1783011bdbac92b08d6a7661c6b0c5277661
  apptics_flutter: 368e6c0a25bb2bf50921ec4cd4da0bd845dcb048
  AppticsAnalytics: a4b16cad581f13c14c7fab854fdcf954227f0c8c
  AppticsFeedbackKit: 92a890681d9c812c9117af2e37d7f344d2fae7f3
  AppticsFeedbackKitSwift: 6b5822d4394d81bacf2895a736cfa42dec7d1e7a
  AppticsInAppUpdate: 764c887b308a080b6064297fb6b3e71735087670
  AppticsRemoteConfig: 5ae354591b22bb2ae0fc00569d9b1d707b59ccbc
  Firebase: d80354ed7f6df5f9aca55e9eb47cc4b634735eaf
  firebase_core: ac395f994af4e28f6a38b59e05a88ca57abeb874
  firebase_messaging: 7e223f4ee7ca053bf4ce43748e84a6d774ec9728
  FirebaseCore: 99fe0c4b44a39f37d99e6404e02009d2db5d718d
  FirebaseCoreInternal: df24ce5af28864660ecbd13596fc8dd3a8c34629
  FirebaseInstallations: 6c963bd2a86aca0481eef4f48f5a4df783ae5917
  FirebaseMessaging: 487b634ccdf6f7b7ff180fdcb2a9935490f764e8
  Flutter: e0871f40cf51350855a761d2e70bf5af5b9b5de7
  flutter_local_notifications: df98d66e515e1ca797af436137b4459b160ad8c9
  GoogleDataTransport: aae35b7ea0c09004c3797d53c8c41f66f219d6a7
  GoogleUtilities: 26a3abef001b6533cf678d3eb38fd3f614b7872d
  nanopb: fad817b59e0457d11a5dfbde799381cd727c1275
  PromisesObjC: f5707f49cb48b9636751c5b2e7d227e43fba9f47
  shared_preferences_foundation: fcdcbc04712aee1108ac7fda236f363274528f78

PODFILE CHECKSUM: 6abe2e90fc3c6163f6c2df94509234287ab1fd2a

COCOAPODS: 1.15.2
